{
    "_meta": {
        "hash": {
            "sha256": "a12d891637da77cdc6a70c8a87d3fd5a0d4c9988889b645f0ca95cf604ee50a0"
        },
        "pipfile-spec": 6,
        "requires": {
            "python_version": "3.10"
        },
        "sources": [
            {
                "name": "pypi",
                "url": "https://pypi.org/simple",
                "verify_ssl": true
            }
        ]
    },
    "default": {
        "pyside6": {
            "hashes": [
                "sha256:137831ed89f79ff8c68d21457abbee82f61dedacc19bbefc8eb7d80da1703aad",
                "sha256:1389e818ecf794b52b570e4617c0813865fd9a790ee077fedabbd8aac6da7416",
                "sha256:1c1c7e6fb8e2d0fe041e278beefdb033c364e67867565f824d4dc40352906f42",
                "sha256:706324dd7a16854073c3b08de608f9ced868d567b8b202a88b7b9985f54ef30c",
                "sha256:73883c13bc44221507abc2b3d6a7bebbf0e067844f7d0a6e16b2df177aab89d8",
                "sha256:bc37b7790ca69b0813b86d3c70c39db740a0d15dc1fc7dbb8e6a0499a96c6461"
            ],
            "index": "pypi",
            "version": "==6.4.3"
        },
        "pyside6-addons": {
            "hashes": [
                "sha256:062593d7810bb53e51c1268b8cba23e47e4600afba0e981a26b57ff05617b1c6",
                "sha256:493527ed86ee903e496f761da66edc7c237e12a8465d62075fe206b2874585e8",
                "sha256:4e0d0ab705a481e7b4714f06b3648818a0ef80404ea976becea43a13280cc7f3",
                "sha256:60781372ccf9f9cbc2a1aa7a41318111c92850f2434dbfbf6fa215a89681de1e",
                "sha256:9d9a607b7c233077f907baa326f55759427a3ae47efff0ca19e72007778e15e1",
                "sha256:b95e6a98b1a71aaa2bc97e4a6a4e18e78d6141ff161eff598a3b85850eaacd4a"
            ],
            "markers": "python_version < '3.12' and python_version >= '3.7'",
            "version": "==6.4.3"
        },
        "pyside6-essentials": {
            "hashes": [
                "sha256:62f7f80e99eaaa3b3f7014170bf01c2fa2e76955805f24c443630abc10793abb",
                "sha256:7983cf2152dfebf3c2d0767d12e452c4bd0809aa53777fef949a7ff4b0ef8a49",
                "sha256:9e1964de12b6ea351c69032a6e15dcc29f48d561dfd579e67adc15bad3be1d45",
                "sha256:c07e5c425b8720fe8ecdbd46f36d7ab90ffbe27ac0258fea326dcf153484b3c7",
                "sha256:c41cbef7a25c67da11b6f6281e60f59c21a198c1da471821e43963e1b8f196f7",
                "sha256:cadd2197f534f7ff55c7718ce50c61ab6d13270449dfde8e27f46b9500b9fe56"
            ],
            "markers": "python_version < '3.12' and python_version >= '3.7'",
            "version": "==6.4.3"
        },
        "shiboken6": {
            "hashes": [
                "sha256:0b6d6a571131b94546aa784dc00221ba7afc90515354eaae65525753a84b6c4a",
                "sha256:0fee602ba02a0d1a6e4d4a69ddc5375ec7bed2ac5b51f06266a919d896517ee5",
                "sha256:4a63978b1a4ffed32776413a213a0f4e0a7fde2ebe06ac2ac70f99103fed185b",
                "sha256:6504ed8b01bde387cebc035687deae77a0bddcef3339e2e5b0e5bf9e6258e860",
                "sha256:73af15fa9f6b7305849116308923d437354ecabefc0546dc514901ec3bae4d89",
                "sha256:74570273004d2e481e55618150dfaee7ae253027b438066e216b339fae1e999a"
            ],
            "markers": "python_version < '3.12' and python_version >= '3.7'",
            "version": "==6.4.3"
        }
    },
    "develop": {
        "attrs": {
            "hashes": [
                "sha256:29e95c7f6778868dbd49170f98f8818f78f3dc5e0e37c0b1f474e3561b240836",
                "sha256:c9227bfc2f01993c03f68db37d1d15c9690188323c067c641f1a35ca58185f99"
            ],
            "markers": "python_version >= '3.6'",
            "version": "==22.2.0"
        },
        "colorama": {
            "hashes": [
                "sha256:08695f5cb7ed6e0531a20572697297273c47b8cae5a63ffc6d6ed5c201be6e44",
                "sha256:4f1d9991f5acc0ca119f9d443620b77f9d6b33703e51011c16baf57afb285fc6"
            ],
            "markers": "sys_platform == 'win32'",
            "version": "==0.4.6"
        },
        "exceptiongroup": {
            "hashes": [
                "sha256:232c37c63e4f682982c8b6459f33a8981039e5fb8756b2074364e5055c498c9e",
                "sha256:d484c3090ba2889ae2928419117447a14daf3c1231d5e30d0aae34f354f01785"
            ],
            "markers": "python_version < '3.11'",
            "version": "==1.1.1"
        },
        "iniconfig": {
            "hashes": [
                "sha256:2d91e135bf72d31a410b17c16da610a82cb55f6b0477d1a902134b24a455b8b3",
                "sha256:b6a85871a79d2e3b22d2d1b94ac2824226a63c6b741c88f7ae975f18b6778374"
            ],
            "markers": "python_version >= '3.7'",
            "version": "==2.0.0"
        },
        "packaging": {
            "hashes": [
                "sha256:714ac14496c3e68c99c29b00845f7a2b85f3bb6f1078fd9f72fd20f0570002b2",
                "sha256:b6ad297f8907de0fa2fe1ccbd26fdaf387f5f47c7275fedf8cce89f99446cf97"
            ],
            "markers": "python_version >= '3.7'",
            "version": "==23.0"
        },
        "pluggy": {
            "hashes": [
                "sha256:4224373bacce55f955a878bf9cfa763c1e360858e330072059e10bad68531159",
                "sha256:74134bbf457f031a36d68416e1509f34bd5ccc019f0bcc952c7b909d06b37bd3"
            ],
            "markers": "python_version >= '3.6'",
            "version": "==1.0.0"
        },
        "pytest": {
            "hashes": [
                "sha256:130328f552dcfac0b1cec75c12e3f005619dc5f874f0a06e8ff7263f0ee6225e",
                "sha256:c99ab0c73aceb050f68929bc93af19ab6db0558791c6a0715723abe9d0ade9d4"
            ],
            "index": "pypi",
            "version": "==7.2.2"
        },
        "pytest-mock": {
            "hashes": [
                "sha256:f4c973eeae0282963eb293eb173ce91b091a79c1334455acfac9ddee8a1c784b",
                "sha256:fbbdb085ef7c252a326fd8cdcac0aa3b1333d8811f131bdcc701002e1be7ed4f"
            ],
            "index": "pypi",
            "version": "==3.10.0"
        },
        "pytest-qt": {
            "hashes": [
                "sha256:00a17b586dd530b6d7a9399923a40489ca4a9a309719011175f55dc6b5dc8f41",
                "sha256:a7659960a1ab2af8fc944655a157ff45d714b80ed7a6af96a4b5bb99ecf40a22"
            ],
            "index": "pypi",
            "version": "==4.2.0"
        },
        "tomli": {
            "hashes": [
                "sha256:939de3e7a6161af0c887ef91b7d41a53e7c5a1ca976325f429cb46ea9bc30ecc",
                "sha256:de526c12914f0c550d15924c62d72abc48d6fe7364aa87328337a31007fe8a4f"
            ],
            "markers": "python_version < '3.11'",
            "version": "==2.0.1"
        }
    }
}
